schema: '2.0'
stages:
  download:
    cmd: python3 -m recommenditos.data.download_raw_dataset
    deps:
    - path: recommenditos/config.py
      hash: md5
      md5: 2930e86c1b0156d9626ffb64ff0ee247
      size: 1535
    - path: recommenditos/data/download_raw_dataset.py
      hash: md5
      md5: f19425d690ec48c753016282e1eaaf69
      size: 10015
    - path: recommenditos/data/synthetic.py
      hash: md5
      md5: b9566b3f142e2b260f2ad7e6a66e0183
      size: 25074
    - path: recommenditos/pipeline.py
      hash: md5
      md5: 7cc7bfa9fae9f288537f83272649b8b1
      size: 1738
    - path: recommenditos/schema.py
      hash: md5
      md5: 743914aba71e40b41e720bcc2fdf63a4
      size: 36483
    params:
      params.yaml:
        download.filename: autoscout24_dataset_20251108.csv
        download.md5: b23a122cc51baf7de39f449193ff0d28
        download.rows: 20000
        download.source: zenodo
        download.zenodo_record: '17643343'
        seed: 20251108
    outs:
    - path: data/raw/listings.parquet
      hash: md5
      md5: 8c1bca23e7af398faaf3cdb2015429ca
      size: 215309993
  preprocess:
    cmd: python3 -m recommenditos.data.preprocess
    deps:
    - path: data/raw/listings.parquet
      hash: md5
      md5: 8c1bca23e7af398faaf3cdb2015429ca
      size: 215309993
    - path: recommenditos/config.py
      hash: md5
      md5: 2930e86c1b0156d9626ffb64ff0ee247
      size: 1535
    - path: recommenditos/data/preprocess.py
      hash: md5
      md5: a29ffa97ddb33ad7b7f00d63a3904e66
      size: 15814
    - path: recommenditos/pipeline.py
      hash: md5
      md5: 7cc7bfa9fae9f288537f83272649b8b1
      size: 1738
    - path: recommenditos/schema.py
      hash: md5
      md5: 743914aba71e40b41e720bcc2fdf63a4
      size: 36483
    params:
      params.yaml:
        preprocess:
          offer_type: U
          vehicle_type: Car
          price_min_eur: 500
          price_max_eur: 2000000
          dedup_key:
          - make
          - model
          - model_version
          - mileage_km_raw
          - registration_date
          - price
          - power_kw
          pii_columns:
          - vin
          - street
          - zip
          - city
          - latitude
          - longitude
          - seller_company_name
        reference_date: '2025-11-08'
    outs:
    - path: data/interim/listings.parquet
      hash: md5
      md5: b39a74d516d59caa55e8ee5464037fe5
      size: 17196143
  configure_gx:
    cmd: python3 -m recommenditos.data.gx_context_configuration
    deps:
    - path: recommenditos/config.py
      hash: md5
      md5: 2930e86c1b0156d9626ffb64ff0ee247
      size: 1535
    - path: recommenditos/data/gx_context_configuration.py
      hash: md5
      md5: 3a27983a109d8248b4e883877b305399
      size: 1657
    - path: recommenditos/schema.py
      hash: md5
      md5: 743914aba71e40b41e720bcc2fdf63a4
      size: 36483
  validate-data:
    cmd: python3 -m recommenditos.data.validate_data
    deps:
    - path: data/interim/listings.parquet
      hash: md5
      md5: b39a74d516d59caa55e8ee5464037fe5
      size: 17196143
    - path: data/raw/listings.parquet
      hash: md5
      md5: 8c1bca23e7af398faaf3cdb2015429ca
      size: 215309993
    - path: recommenditos/config.py
      hash: md5
      md5: 2930e86c1b0156d9626ffb64ff0ee247
      size: 1535
    - path: recommenditos/data/gx_context_configuration.py
      hash: md5
      md5: 3a27983a109d8248b4e883877b305399
      size: 1657
    - path: recommenditos/data/validate_data.py
      hash: md5
      md5: fdb32c8289c7719f4c7063d54c6eeec4
      size: 3015
    - path: recommenditos/pipeline.py
      hash: md5
      md5: 7cc7bfa9fae9f288537f83272649b8b1
      size: 1738
    - path: recommenditos/schema.py
      hash: md5
      md5: 743914aba71e40b41e720bcc2fdf63a4
      size: 36483
    params:
      params.yaml:
        validate:
          mileage_min_km: 0
          mileage_max_km: 1000000
          raw_mostly: 0.99
    outs:
    - path: reports/data-validation/summary.json
      hash: md5
      md5: 695b311260dd9cb012bc113186560202
      size: 117
  split:
    cmd: python3 -m recommenditos.data.split_data
    deps:
    - path: data/interim/listings.parquet
      hash: md5
      md5: b39a74d516d59caa55e8ee5464037fe5
      size: 17196143
    - path: recommenditos/config.py
      hash: md5
      md5: 2930e86c1b0156d9626ffb64ff0ee247
      size: 1535
    - path: recommenditos/data/split_data.py
      hash: md5
      md5: deb2c8fd49fa74c9fb226b0973c29a08
      size: 25518
    - path: recommenditos/pipeline.py
      hash: md5
      md5: 7cc7bfa9fae9f288537f83272649b8b1
      size: 1738
    - path: recommenditos/schema.py
      hash: md5
      md5: 743914aba71e40b41e720bcc2fdf63a4
      size: 36483
    - path: reports/data-validation/summary.json
      hash: md5
      md5: 695b311260dd9cb012bc113186560202
      size: 117
    params:
      params.yaml:
        seed: 20251108
        split:
          holdout_country: ES
          min_listings_per_make: 300
          group_key: seller_group_id
          ratios:
            train: 0.6
            validation: 0.1
            calibration: 0.1
            test: 0.2
    outs:
    - path: data/processed/calibration.parquet
      hash: md5
      md5: 7db7c0ab0c3bdd0ff1ed5357bccc1ac9
      size: 1583788
    - path: data/processed/holdout_es.parquet
      hash: md5
      md5: b7d610e2d0a20964798bb16712856231
      size: 364880
    - path: data/processed/supported_makes.json
      hash: md5
      md5: 86628c3cbd3a146091e85fe4e296e3fe
      size: 768
    - path: data/processed/test.parquet
      hash: md5
      md5: 6be5333ef0adef3ec9c781ccade8bdb1
      size: 3393586
    - path: data/processed/train.parquet
      hash: md5
      md5: 7de471f48c1afa3f271d30e3f781cd58
      size: 10301316
    - path: data/processed/validation.parquet
      hash: md5
      md5: 3f3cdac8854fe9803d138619c1ac739d
      size: 1545269
  features@basic:
    cmd: python3 -m recommenditos.data.build_features basic
    deps:
    - path: data/processed/calibration.parquet
      hash: md5
      md5: 7db7c0ab0c3bdd0ff1ed5357bccc1ac9
      size: 1583788
    - path: data/processed/holdout_es.parquet
      hash: md5
      md5: b7d610e2d0a20964798bb16712856231
      size: 364880
    - path: data/processed/supported_makes.json
      hash: md5
      md5: 86628c3cbd3a146091e85fe4e296e3fe
      size: 768
    - path: data/processed/test.parquet
      hash: md5
      md5: 6be5333ef0adef3ec9c781ccade8bdb1
      size: 3393586
    - path: data/processed/train.parquet
      hash: md5
      md5: 7de471f48c1afa3f271d30e3f781cd58
      size: 10301316
    - path: data/processed/validation.parquet
      hash: md5
      md5: 3f3cdac8854fe9803d138619c1ac739d
      size: 1545269
    - path: recommenditos/config.py
      hash: md5
      md5: 2930e86c1b0156d9626ffb64ff0ee247
      size: 1535
    - path: recommenditos/data/build_features.py
      hash: md5
      md5: fa7c43675f2f8ab2777b79b66d9213fa
      size: 37743
    - path: recommenditos/data/split_data.py
      hash: md5
      md5: deb2c8fd49fa74c9fb226b0973c29a08
      size: 25518
    - path: recommenditos/pipeline.py
      hash: md5
      md5: 7cc7bfa9fae9f288537f83272649b8b1
      size: 1738
    - path: recommenditos/schema.py
      hash: md5
      md5: 743914aba71e40b41e720bcc2fdf63a4
      size: 36483
    params:
      params.yaml:
        features.equipment_columns:
        - equipment_comfort
        - equipment_entertainment
        - equipment_extra
        - equipment_safety
        features.equipment_min_frequency: 0.01
        features.model_version_min_frequency: 0.0005
        features.model_version_tokens: 1
        features.sets.basic:
        - make
        - model
        - body_type
        - age_years
        - mileage_km_raw
        - nr_prev_owners
        - power_kw
        - fuel_category
        - transmission
        - drive_train
        - gears
        - cylinders_volume_cc
        - nr_seats
        - nr_doors
        - country_code
        - seller_type
        reference_date: '2025-11-08'
    outs:
    - path: data/processed/features/basic
      hash: md5
      md5: 65e52f805c8b1952b763ece4a419b266.dir
      size: 2108339
      nfiles: 6
  features@extended:
    cmd: python3 -m recommenditos.data.build_features extended
    deps:
    - path: data/processed/calibration.parquet
      hash: md5
      md5: 7db7c0ab0c3bdd0ff1ed5357bccc1ac9
      size: 1583788
    - path: data/processed/holdout_es.parquet
      hash: md5
      md5: b7d610e2d0a20964798bb16712856231
      size: 364880
    - path: data/processed/supported_makes.json
      hash: md5
      md5: 86628c3cbd3a146091e85fe4e296e3fe
      size: 768
    - path: data/processed/test.parquet
      hash: md5
      md5: 6be5333ef0adef3ec9c781ccade8bdb1
      size: 3393586
    - path: data/processed/train.parquet
      hash: md5
      md5: 7de471f48c1afa3f271d30e3f781cd58
      size: 10301316
    - path: data/processed/validation.parquet
      hash: md5
      md5: 3f3cdac8854fe9803d138619c1ac739d
      size: 1545269
    - path: recommenditos/config.py
      hash: md5
      md5: 2930e86c1b0156d9626ffb64ff0ee247
      size: 1535
    - path: recommenditos/data/build_features.py
      hash: md5
      md5: fa7c43675f2f8ab2777b79b66d9213fa
      size: 37743
    - path: recommenditos/data/split_data.py
      hash: md5
      md5: deb2c8fd49fa74c9fb226b0973c29a08
      size: 25518
    - path: recommenditos/pipeline.py
      hash: md5
      md5: 7cc7bfa9fae9f288537f83272649b8b1
      size: 1738
    - path: recommenditos/schema.py
      hash: md5
      md5: 743914aba71e40b41e720bcc2fdf63a4
      size: 36483
    params:
      params.yaml:
        features.equipment_columns:
        - equipment_comfort
        - equipment_entertainment
        - equipment_extra
        - equipment_safety
        features.equipment_min_frequency: 0.01
        features.model_version_min_frequency: 0.0005
        features.model_version_tokens: 1
        features.sets.extended:
        - make
        - model
        - body_type
        - age_years
        - mileage_km_raw
        - nr_prev_owners
        - power_kw
        - fuel_category
        - transmission
        - drive_train
        - gears
        - cylinders_volume_cc
        - nr_seats
        - nr_doors
        - country_code
        - seller_type
        - equipment_comfort
        - equipment_entertainment
        - equipment_extra
        - equipment_safety
        - has_full_service_history
        - non_smoking
        - is_rental
        - body_color
        - paint_type
        - upholstery
        - upholstery_color
        - model_version
        - weight_kg
        - cylinders
        - electric_range_km
        - envir_standard
        - original_market
        reference_date: '2025-11-08'
    outs:
    - path: data/processed/features/extended
      hash: md5
      md5: 8ab239df5983f33f4357121d29c4fcc4.dir
      size: 4893424
      nfiles: 6
  train@b0:
    cmd: python3 -m recommenditos.modeling.train b0
    deps:
    - path: data/processed/features/basic
      hash: md5
      md5: 65e52f805c8b1952b763ece4a419b266.dir
      size: 2108339
      nfiles: 6
    - path: data/processed/supported_makes.json
      hash: md5
      md5: 86628c3cbd3a146091e85fe4e296e3fe
      size: 768
    - path: recommenditos/config.py
      hash: md5
      md5: 2930e86c1b0156d9626ffb64ff0ee247
      size: 1535
    - path: recommenditos/data/build_features.py
      hash: md5
      md5: fa7c43675f2f8ab2777b79b66d9213fa
      size: 37743
    - path: recommenditos/modeling/model.py
      hash: md5
      md5: 323358f6199d61f24d9ccdda2b10f323
      size: 54328
    - path: recommenditos/modeling/train.py
      hash: md5
      md5: ce6d2dbd09e7eca7382fff24beb88c20
      size: 10952
    - path: recommenditos/pipeline.py
      hash: md5
      md5: 7cc7bfa9fae9f288537f83272649b8b1
      size: 1738
    - path: recommenditos/schema.py
      hash: md5
      md5: 743914aba71e40b41e720bcc2fdf63a4
      size: 36483
    - path: recommenditos/tracking.py
      hash: md5
      md5: 153e57c095ea197122b53d5efb9066b9
      size: 18837
    params:
      params.yaml:
        seed: 20251108
        train.mlflow_experiment: recommenditos-price
        train.num_threads: 1
        train.variants.b0:
          estimator: median_baseline
          feature_set: basic
          params:
            age_bucket_years: 2
    outs:
    - path: models/b0
      hash: md5
      md5: 8954caac68705e1dbce1244272070b18.dir
      size: 40383
      nfiles: 3
  train@b1:
    cmd: python3 -m recommenditos.modeling.train b1
    deps:
    - path: data/processed/features/basic
      hash: md5
      md5: 65e52f805c8b1952b763ece4a419b266.dir
      size: 2108339
      nfiles: 6
    - path: data/processed/supported_makes.json
      hash: md5
      md5: 86628c3cbd3a146091e85fe4e296e3fe
      size: 768
    - path: recommenditos/config.py
      hash: md5
      md5: 2930e86c1b0156d9626ffb64ff0ee247
      size: 1535
    - path: recommenditos/data/build_features.py
      hash: md5
      md5: fa7c43675f2f8ab2777b79b66d9213fa
      size: 37743
    - path: recommenditos/modeling/model.py
      hash: md5
      md5: 323358f6199d61f24d9ccdda2b10f323
      size: 54328
    - path: recommenditos/modeling/train.py
      hash: md5
      md5: ce6d2dbd09e7eca7382fff24beb88c20
      size: 10952
    - path: recommenditos/pipeline.py
      hash: md5
      md5: 7cc7bfa9fae9f288537f83272649b8b1
      size: 1738
    - path: recommenditos/schema.py
      hash: md5
      md5: 743914aba71e40b41e720bcc2fdf63a4
      size: 36483
    - path: recommenditos/tracking.py
      hash: md5
      md5: 153e57c095ea197122b53d5efb9066b9
      size: 18837
    params:
      params.yaml:
        seed: 20251108
        train.mlflow_experiment: recommenditos-price
        train.num_threads: 1
        train.variants.b1:
          estimator: ridge
          feature_set: basic
          params:
            alpha: 1.0
            min_category_rows: 5
    outs:
    - path: models/b1
      hash: md5
      md5: 05e74abed9eb32b125fee0c7200f8fa4.dir
      size: 40495
      nfiles: 3
  train@lgbm-basic:
    cmd: python3 -m recommenditos.modeling.train lgbm-basic
    deps:
    - path: data/processed/features/basic
      hash: md5
      md5: 65e52f805c8b1952b763ece4a419b266.dir
      size: 2108339
      nfiles: 6
    - path: data/processed/supported_makes.json
      hash: md5
      md5: 86628c3cbd3a146091e85fe4e296e3fe
      size: 768
    - path: recommenditos/config.py
      hash: md5
      md5: 2930e86c1b0156d9626ffb64ff0ee247
      size: 1535
    - path: recommenditos/data/build_features.py
      hash: md5
      md5: fa7c43675f2f8ab2777b79b66d9213fa
      size: 37743
    - path: recommenditos/modeling/model.py
      hash: md5
      md5: 323358f6199d61f24d9ccdda2b10f323
      size: 54328
    - path: recommenditos/modeling/train.py
      hash: md5
      md5: ce6d2dbd09e7eca7382fff24beb88c20
      size: 10952
    - path: recommenditos/pipeline.py
      hash: md5
      md5: 7cc7bfa9fae9f288537f83272649b8b1
      size: 1738
    - path: recommenditos/schema.py
      hash: md5
      md5: 743914aba71e40b41e720bcc2fdf63a4
      size: 36483
    - path: recommenditos/tracking.py
      hash: md5
      md5: 153e57c095ea197122b53d5efb9066b9
      size: 18837
    params:
      params.yaml:
        seed: 20251108
        train.mlflow_experiment: recommenditos-price
        train.num_threads: 1
        train.variants.lgbm-basic:
          estimator: lightgbm
          feature_set: basic
          params:
            learning_rate: 0.05
            num_leaves: 63
            n_estimators: 1000
            early_stopping_rounds: 50
    outs:
    - path: models/lgbm-basic
      hash: md5
      md5: aeb2dee72b0df5c2f628f356ef30bc3a.dir
      size: 6205995
      nfiles: 3
  train@lgbm-extended:
    cmd: python3 -m recommenditos.modeling.train lgbm-extended
    deps:
    - path: data/processed/features/extended
      hash: md5
      md5: 8ab239df5983f33f4357121d29c4fcc4.dir
      size: 4893424
      nfiles: 6
    - path: data/processed/supported_makes.json
      hash: md5
      md5: 86628c3cbd3a146091e85fe4e296e3fe
      size: 768
    - path: recommenditos/config.py
      hash: md5
      md5: 2930e86c1b0156d9626ffb64ff0ee247
      size: 1535
    - path: recommenditos/data/build_features.py
      hash: md5
      md5: fa7c43675f2f8ab2777b79b66d9213fa
      size: 37743
    - path: recommenditos/modeling/model.py
      hash: md5
      md5: 323358f6199d61f24d9ccdda2b10f323
      size: 54328
    - path: recommenditos/modeling/train.py
      hash: md5
      md5: ce6d2dbd09e7eca7382fff24beb88c20
      size: 10952
    - path: recommenditos/pipeline.py
      hash: md5
      md5: 7cc7bfa9fae9f288537f83272649b8b1
      size: 1738
    - path: recommenditos/schema.py
      hash: md5
      md5: 743914aba71e40b41e720bcc2fdf63a4
      size: 36483
    - path: recommenditos/tracking.py
      hash: md5
      md5: 153e57c095ea197122b53d5efb9066b9
      size: 18837
    params:
      params.yaml:
        seed: 20251108
        train.mlflow_experiment: recommenditos-price
        train.num_threads: 1
        train.variants.lgbm-extended:
          estimator: lightgbm
          feature_set: extended
          params:
            learning_rate: 0.05
            num_leaves: 63
            n_estimators: 1000
            early_stopping_rounds: 50
    outs:
    - path: models/lgbm-extended
      hash: md5
      md5: 55b2c6acf5b9f6b48e2bc147a7944123.dir
      size: 6839755
      nfiles: 3
  evaluate:
    cmd: python3 -m recommenditos.modeling.evaluate
    deps:
    - path: data/processed/features
      hash: md5
      md5: ac621f5afc3b743addce781e0b1c8b21.dir
      size: 7001780
      nfiles: 13
    - path: models
      hash: md5
      md5: 69fbf8642835556a032b0f7e6fb5116d.dir
      size: 13126663
      nfiles: 13
    - path: recommenditos/config.py
      hash: md5
      md5: 2930e86c1b0156d9626ffb64ff0ee247
      size: 1535
    - path: recommenditos/data/build_features.py
      hash: md5
      md5: fa7c43675f2f8ab2777b79b66d9213fa
      size: 37743
    - path: recommenditos/modeling/evaluate.py
      hash: md5
      md5: b3f8097d86b8a092c51ba82185b91dd4
      size: 52362
    - path: recommenditos/modeling/model.py
      hash: md5
      md5: 323358f6199d61f24d9ccdda2b10f323
      size: 54328
    - path: recommenditos/pipeline.py
      hash: md5
      md5: 7cc7bfa9fae9f288537f83272649b8b1
      size: 1738
    - path: recommenditos/schema.py
      hash: md5
      md5: 743914aba71e40b41e720bcc2fdf63a4
      size: 36483
    - path: recommenditos/tracking.py
      hash: md5
      md5: 153e57c095ea197122b53d5efb9066b9
      size: 18837
    params:
      params.yaml:
        download.source: zenodo
        evaluate:
          segments:
          - make
          - country_code
          - seller_type
          - fuel_category
          - age_bucket
          age_bucket_edges:
          - 0
          - 1
          - 3
          - 6
          - 10
          - 20
          price_bucket_edges:
          - 0
          - 5000
          - 10000
          - 20000
          - 40000
          - 80000
          baseline_variant: b0
          required_input_fields:
          - make
          - model
          - registration_date
          - mileage_km_raw
          - power_kw
          - fuel_category
          - transmission
          - country_code
          - body_type
          - seller_type
          input_field_to_feature:
            registration_date: age_years
          sc05_p1_fields:
          - make
          - model
          - registration_date
          - mileage_km_raw
          success_criteria:
            sc01_mdape_max: 0.09
            sc02_within_20pct_min: 0.85
            sc03_mdape_improvement_over_baseline_min: 0.3
            sc04_segment_mdape_max: 0.15
            sc04_min_segment_rows: 500
            sc05_coverage_min: 0.88
            sc05_coverage_max: 0.92
            sc06_masked_mdape_ratio_max: 1.5
        train.variants:
          b0:
            estimator: median_baseline
            feature_set: basic
            params:
              age_bucket_years: 2
          b1:
            estimator: ridge
            feature_set: basic
            params:
              alpha: 1.0
              min_category_rows: 5
          lgbm-basic:
            estimator: lightgbm
            feature_set: basic
            params:
              learning_rate: 0.05
              num_leaves: 63
              n_estimators: 1000
              early_stopping_rounds: 50
          lgbm-extended:
            estimator: lightgbm
            feature_set: extended
            params:
              learning_rate: 0.05
              num_leaves: 63
              n_estimators: 1000
              early_stopping_rounds: 50
    outs:
    - path: metrics.json
      hash: md5
      md5: 458443928bf698eab227a149228573af
      size: 1198
    - path: reports/metrics
      hash: md5
      md5: fa4a3181c6dfde088c1e5c4fcde261d4.dir
      size: 110762
      nfiles: 6
